// !$*UTF8*$!
{
	archiveVersion = 1;
	classes = {
	};
	objectVersion = 56;
	objects = {

/* Begin PBXBuildFile section */
		7E3299D92A44B7850077868D /* SwiftCombine_Users_ApiServiceApp.swift in Sources */ = {isa = PBXBuildFile; fileRef = 7E3299D82A44B7850077868D /* SwiftCombine_Users_ApiServiceApp.swift */; };
		7E3299DD2A44B7850077868D /* Assets.xcassets in Resources */ = {isa = PBXBuildFile; fileRef = 7E3299DC2A44B7850077868D /* Assets.xcassets */; };
		7E3299E02A44B7850077868D /* Preview Assets.xcassets in Resources */ = {isa = PBXBuildFile; fileRef = 7E3299DF2A44B7850077868D /* Preview Assets.xcassets */; };
		7E3299F02A44B81E0077868D /* UserDataService.swift in Sources */ = {isa = PBXBuildFile; fileRef = 7E3299E72A44B81E0077868D /* UserDataService.swift */; };
		7E3299F12A44B81E0077868D /* User.swift in Sources */ = {isa = PBXBuildFile; fileRef = 7E3299E92A44B81E0077868D /* User.swift */; };
		7E3299F22A44B81E0077868D /* UserPostData.swift in Sources */ = {isa = PBXBuildFile; fileRef = 7E3299EA2A44B81E0077868D /* UserPostData.swift */; };
		7E3299F32A44B81E0077868D /* UserDataViewModel.swift in Sources */ = {isa = PBXBuildFile; fileRef = 7E3299EC2A44B81E0077868D /* UserDataViewModel.swift */; };
		7E3299F42A44B81E0077868D /* UserPostingsView.swift in Sources */ = {isa = PBXBuildFile; fileRef = 7E3299EE2A44B81E0077868D /* UserPostingsView.swift */; };
		7E3299F52A44B81E0077868D /* ContentView.swift in Sources */ = {isa = PBXBuildFile; fileRef = 7E3299EF2A44B81E0077868D /* ContentView.swift */; };
		7E7A97702A8EBBD100807128 /* FetchContentView.swift in Sources */ = {isa = PBXBuildFile; fileRef = 7E7A976F2A8EBBD100807128 /* FetchContentView.swift */; };
		7E7A97722A8EC29400807128 /* PostContentView.swift in Sources */ = {isa = PBXBuildFile; fileRef = 7E7A97712A8EC29400807128 /* PostContentView.swift */; };
		7E7A97742A8EC5D500807128 /* PutContentView.swift in Sources */ = {isa = PBXBuildFile; fileRef = 7E7A97732A8EC5D500807128 /* PutContentView.swift */; };
		7E7A97762A8EC62B00807128 /* ViewState.swift in Sources */ = {isa = PBXBuildFile; fileRef = 7E7A97752A8EC62B00807128 /* ViewState.swift */; };
		7E7A97782A8EDB9800807128 /* PatchContentView.swift in Sources */ = {isa = PBXBuildFile; fileRef = 7E7A97772A8EDB9800807128 /* PatchContentView.swift */; };
		7E7A977A2A8EE3FD00807128 /* DeleteContentView.swift in Sources */ = {isa = PBXBuildFile; fileRef = 7E7A97792A8EE3FD00807128 /* DeleteContentView.swift */; };
/* End PBXBuildFile section */

/* Begin PBXFileReference section */
		7E3299D52A44B7850077868D /* SwiftCombine_Users_ApiService.app */ = {isa = PBXFileReference; explicitFileType = wrapper.application; includeInIndex = 0; path = SwiftCombine_Users_ApiService.app; sourceTree = BUILT_PRODUCTS_DIR; };
		7E3299D82A44B7850077868D /* SwiftCombine_Users_ApiServiceApp.swift */ = {isa = PBXFileReference; lastKnownFileType = sourcecode.swift; path = SwiftCombine_Users_ApiServiceApp.swift; sourceTree = "<group>"; };
		7E3299DC2A44B7850077868D /* Assets.xcassets */ = {isa = PBXFileReference; lastKnownFileType = folder.assetcatalog; path = Assets.xcassets; sourceTree = "<group>"; };
		7E3299DF2A44B7850077868D /* Preview Assets.xcassets */ = {isa = PBXFileReference; lastKnownFileType = folder.assetcatalog; path = "Preview Assets.xcassets"; sourceTree = "<group>"; };
		7E3299E72A44B81E0077868D /* UserDataService.swift */ = {isa = PBXFileReference; fileEncoding = 4; lastKnownFileType = sourcecode.swift; path = UserDataService.swift; sourceTree = "<group>"; };
		7E3299E92A44B81E0077868D /* User.swift */ = {isa = PBXFileReference; fileEncoding = 4; lastKnownFileType = sourcecode.swift; path = User.swift; sourceTree = "<group>"; };
		7E3299EA2A44B81E0077868D /* UserPostData.swift */ = {isa = PBXFileReference; fileEncoding = 4; lastKnownFileType = sourcecode.swift; path = UserPostData.swift; sourceTree = "<group>"; };
		7E3299EC2A44B81E0077868D /* UserDataViewModel.swift */ = {isa = PBXFileReference; fileEncoding = 4; lastKnownFileType = sourcecode.swift; path = UserDataViewModel.swift; sourceTree = "<group>"; };
		7E3299EE2A44B81E0077868D /* UserPostingsView.swift */ = {isa = PBXFileReference; fileEncoding = 4; lastKnownFileType = sourcecode.swift; path = UserPostingsView.swift; sourceTree = "<group>"; };
		7E3299EF2A44B81E0077868D /* ContentView.swift */ = {isa = PBXFileReference; fileEncoding = 4; lastKnownFileType = sourcecode.swift; path = ContentView.swift; sourceTree = "<group>"; };
		7E7A976F2A8EBBD100807128 /* FetchContentView.swift */ = {isa = PBXFileReference; lastKnownFileType = sourcecode.swift; path = FetchContentView.swift; sourceTree = "<group>"; };
		7E7A97712A8EC29400807128 /* PostContentView.swift */ = {isa = PBXFileReference; lastKnownFileType = sourcecode.swift; path = PostContentView.swift; sourceTree = "<group>"; };
		7E7A97732A8EC5D500807128 /* PutContentView.swift */ = {isa = PBXFileReference; lastKnownFileType = sourcecode.swift; path = PutContentView.swift; sourceTree = "<group>"; };
		7E7A97752A8EC62B00807128 /* ViewState.swift */ = {isa = PBXFileReference; lastKnownFileType = sourcecode.swift; path = ViewState.swift; sourceTree = "<group>"; };
		7E7A97772A8EDB9800807128 /* PatchContentView.swift */ = {isa = PBXFileReference; lastKnownFileType = sourcecode.swift; path = PatchContentView.swift; sourceTree = "<group>"; };
		7E7A97792A8EE3FD00807128 /* DeleteContentView.swift */ = {isa = PBXFileReference; lastKnownFileType = sourcecode.swift; path = DeleteContentView.swift; sourceTree = "<group>"; };
/* End PBXFileReference section */

/* Begin PBXFrameworksBuildPhase section */
		7E3299D22A44B7850077868D /* Frameworks */ = {
			isa = PBXFrameworksBuildPhase;
			buildActionMask = 2147483647;
			files = (
			);
			runOnlyForDeploymentPostprocessing = 0;
		};
/* End PBXFrameworksBuildPhase section */

/* Begin PBXGroup section */
		7E3299CC2A44B7850077868D = {
			isa = PBXGroup;
			children = (
				7E3299E82A44B81E0077868D /* Model */,
				7E3299E62A44B81E0077868D /* Networking */,
				7E3299EB2A44B81E0077868D /* ViewModel */,
				7E3299ED2A44B81E0077868D /* Views */,
				7E3299D72A44B7850077868D /* SwiftCombine_Users_ApiService */,
				7E3299D62A44B7850077868D /* Products */,
			);
			sourceTree = "<group>";
		};
		7E3299D62A44B7850077868D /* Products */ = {
			isa = PBXGroup;
			children = (
				7E3299D52A44B7850077868D /* SwiftCombine_Users_ApiService.app */,
			);
			name = Products;
			sourceTree = "<group>";
		};
		7E3299D72A44B7850077868D /* SwiftCombine_Users_ApiService */ = {
			isa = PBXGroup;
			children = (
				7E3299D82A44B7850077868D /* SwiftCombine_Users_ApiServiceApp.swift */,
				7E3299DC2A44B7850077868D /* Assets.xcassets */,
				7E3299DE2A44B7850077868D /* Preview Content */,
			);
			path = SwiftCombine_Users_ApiService;
			sourceTree = "<group>";
		};
		7E3299DE2A44B7850077868D /* Preview Content */ = {
			isa = PBXGroup;
			children = (
				7E3299DF2A44B7850077868D /* Preview Assets.xcassets */,
			);
			path = "Preview Content";
			sourceTree = "<group>";
		};
		7E3299E62A44B81E0077868D /* Networking */ = {
			isa = PBXGroup;
			children = (
				7E3299E72A44B81E0077868D /* UserDataService.swift */,
			);
			name = Networking;
			path = SwiftCombine_Users_ApiService/Networking;
			sourceTree = "<group>";
		};
		7E3299E82A44B81E0077868D /* Model */ = {
			isa = PBXGroup;
			children = (
				7E3299E92A44B81E0077868D /* User.swift */,
				7E3299EA2A44B81E0077868D /* UserPostData.swift */,
			);
			name = Model;
			path = SwiftCombine_Users_ApiService/Model;
			sourceTree = "<group>";
		};
		7E3299EB2A44B81E0077868D /* ViewModel */ = {
			isa = PBXGroup;
			children = (
				7E3299EC2A44B81E0077868D /* UserDataViewModel.swift */,
				7E7A97752A8EC62B00807128 /* ViewState.swift */,
			);
			name = ViewModel;
			path = SwiftCombine_Users_ApiService/ViewModel;
			sourceTree = "<group>";
		};
		7E3299ED2A44B81E0077868D /* Views */ = {
			isa = PBXGroup;
			children = (
				7E3299EE2A44B81E0077868D /* UserPostingsView.swift */,
				7E3299EF2A44B81E0077868D /* ContentView.swift */,
				7E7A976F2A8EBBD100807128 /* FetchContentView.swift */,
				7E7A97712A8EC29400807128 /* PostContentView.swift */,
				7E7A97732A8EC5D500807128 /* PutContentView.swift */,
				7E7A97772A8EDB9800807128 /* PatchContentView.swift */,
				7E7A97792A8EE3FD00807128 /* DeleteContentView.swift */,
			);
			name = Views;
			path = SwiftCombine_Users_ApiService/Views;
			sourceTree = "<group>";
		};
/* End PBXGroup section */

/* Begin PBXNativeTarget section */
		7E3299D42A44B7850077868D /* SwiftCombine_Users_ApiService */ = {
			isa = PBXNativeTarget;
			buildConfigurationList = 7E3299E32A44B7850077868D /* Build configuration list for PBXNativeTarget "SwiftCombine_Users_ApiService" */;
			buildPhases = (
				7E3299D12A44B7850077868D /* Sources */,
				7E3299D22A44B7850077868D /* Frameworks */,
				7E3299D32A44B7850077868D /* Resources */,
			);
			buildRules = (
			);
			dependencies = (
			);
			name = SwiftCombine_Users_ApiService;
			productName = SwiftCombine_Users_ApiService;
			productReference = 7E3299D52A44B7850077868D /* SwiftCombine_Users_ApiService.app */;
			productType = "com.apple.product-type.application";
		};
/* End PBXNativeTarget section */

/* Begin PBXProject section */
		7E3299CD2A44B7850077868D /* Project object */ = {
			isa = PBXProject;
			attributes = {
				BuildIndependentTargetsInParallel = 1;
				LastSwiftUpdateCheck = 1430;
				LastUpgradeCheck = 1430;
				TargetAttributes = {
					7E3299D42A44B7850077868D = {
						CreatedOnToolsVersion = 14.3.1;
					};
				};
			};
			buildConfigurationList = 7E3299D02A44B7850077868D /* Build configuration list for PBXProject "SwiftCombine_Users_ApiService" */;
			compatibilityVersion = "Xcode 14.0";
			developmentRegion = en;
			hasScannedForEncodings = 0;
			knownRegions = (
				en,
				Base,
			);
			mainGroup = 7E3299CC2A44B7850077868D;
			productRefGroup = 7E3299D62A44B7850077868D /* Products */;
			projectDirPath = "";
			projectRoot = "";
			targets = (
				7E3299D42A44B7850077868D /* SwiftCombine_Users_ApiService */,
			);
		};
/* End PBXProject section */

/* Begin PBXResourcesBuildPhase section */
		7E3299D32A44B7850077868D /* Resources */ = {
			isa = PBXResourcesBuildPhase;
			buildActionMask = 2147483647;
			files = (
				7E3299E02A44B7850077868D /* Preview Assets.xcassets in Resources */,
				7E3299DD2A44B7850077868D /* Assets.xcassets in Resources */,
			);
			runOnlyForDeploymentPostprocessing = 0;
		};
/* End PBXResourcesBuildPhase section */

/* Begin PBXSourcesBuildPhase section */
		7E3299D12A44B7850077868D /* Sources */ = {
			isa = PBXSourcesBuildPhase;
			buildActionMask = 2147483647;
			files = (
				7E3299F42A44B81E0077868D /* UserPostingsView.swift in Sources */,
				7E7A97702A8EBBD100807128 /* FetchContentView.swift in Sources */,
				7E3299F22A44B81E0077868D /* UserPostData.swift in Sources */,
				7E7A97762A8EC62B00807128 /* ViewState.swift in Sources */,
				7E3299F52A44B81E0077868D /* ContentView.swift in Sources */,
				7E3299F02A44B81E0077868D /* UserDataService.swift in Sources */,
				7E3299D92A44B7850077868D /* SwiftCombine_Users_ApiServiceApp.swift in Sources */,
				7E7A97742A8EC5D500807128 /* PutContentView.swift in Sources */,
				7E7A97722A8EC29400807128 /* PostContentView.swift in Sources */,
				7E3299F12A44B81E0077868D /* User.swift in Sources */,
				7E7A977A2A8EE3FD00807128 /* DeleteContentView.swift in Sources */,
				7E3299F32A44B81E0077868D /* UserDataViewModel.swift in Sources */,
				7E7A97782A8EDB9800807128 /* PatchContentView.swift in Sources */,
			);
			runOnlyForDeploymentPostprocessing = 0;
		};
/* End PBXSourcesBuildPhase section */

/* Begin XCBuildConfiguration section */
		7E3299E12A44B7850077868D /* Debug */ = {
			isa = XCBuildConfiguration;
			buildSettings = {
				ALWAYS_SEARCH_USER_PATHS = NO;
				CLANG_ANALYZER_NONNULL = YES;
				CLANG_ANALYZER_NUMBER_OBJECT_CONVERSION = YES_AGGRESSIVE;
				CLANG_CXX_LANGUAGE_STANDARD = "gnu++20";
				CLANG_ENABLE_MODULES = YES;
				CLANG_ENABLE_OBJC_ARC = YES;
				CLANG_ENABLE_OBJC_WEAK = YES;
				CLANG_WARN_BLOCK_CAPTURE_AUTORELEASING = YES;
				CLANG_WARN_BOOL_CONVERSION = YES;
				CLANG_WARN_COMMA = YES;
				CLANG_WARN_CONSTANT_CONVERSION = YES;
				CLANG_WARN_DEPRECATED_OBJC_IMPLEMENTATIONS = YES;
				CLANG_WARN_DIRECT_OBJC_ISA_USAGE = YES_ERROR;
				CLANG_WARN_DOCUMENTATION_COMMENTS = YES;
				CLANG_WARN_EMPTY_BODY = YES;
				CLANG_WARN_ENUM_CONVERSION = YES;
				CLANG_WARN_INFINITE_RECURSION = YES;
				CLANG_WARN_INT_CONVERSION = YES;
				CLANG_WARN_NON_LITERAL_NULL_CONVERSION = YES;
				CLANG_WARN_OBJC_IMPLICIT_RETAIN_SELF = YES;
				CLANG_WARN_OBJC_LITERAL_CONVERSION = YES;
				CLANG_WARN_OBJC_ROOT_CLASS = YES_ERROR;
				CLANG_WARN_QUOTED_INCLUDE_IN_FRAMEWORK_HEADER = YES;
				CLANG_WARN_RANGE_LOOP_ANALYSIS = YES;
				CLANG_WARN_STRICT_PROTOTYPES = YES;
				CLANG_WARN_SUSPICIOUS_MOVE = YES;
				CLANG_WARN_UNGUARDED_AVAILABILITY = YES_AGGRESSIVE;
				CLANG_WARN_UNREACHABLE_CODE = YES;
				CLANG_WARN__DUPLICATE_METHOD_MATCH = YES;
				COPY_PHASE_STRIP = NO;
				DEBUG_INFORMATION_FORMAT = dwarf;
				ENABLE_STRICT_OBJC_MSGSEND = YES;
				ENABLE_TESTABILITY = YES;
				GCC_C_LANGUAGE_STANDARD = gnu11;
				GCC_DYNAMIC_NO_PIC = NO;
				GCC_NO_COMMON_BLOCKS = YES;
				GCC_OPTIMIZATION_LEVEL = 0;
				GCC_PREPROCESSOR_DEFINITIONS = (
					"DEBUG=1",
					"$(inherited)",
				);
				GCC_WARN_64_TO_32_BIT_CONVERSION = YES;
				GCC_WARN_ABOUT_RETURN_TYPE = YES_ERROR;
				GCC_WARN_UNDECLARED_SELECTOR = YES;
				GCC_WARN_UNINITIALIZED_AUTOS = YES_AGGRESSIVE;
				GCC_WARN_UNUSED_FUNCTION = YES;
				GCC_WARN_UNUSED_VARIABLE = YES;
				IPHONEOS_DEPLOYMENT_TARGET = 16.4;
				MTL_ENABLE_DEBUG_INFO = INCLUDE_SOURCE;
				MTL_FAST_MATH = YES;
				ONLY_ACTIVE_ARCH = YES;
				SDKROOT = iphoneos;
				SWIFT_ACTIVE_COMPILATION_CONDITIONS = DEBUG;
				SWIFT_OPTIMIZATION_LEVEL = "-Onone";
			};
			name = Debug;
		};
		7E3299E22A44B7850077868D /* Release */ = {
			isa = XCBuildConfiguration;
			buildSettings = {
				ALWAYS_SEARCH_USER_PATHS = NO;
				CLANG_ANALYZER_NONNULL = YES;
				CLANG_ANALYZER_NUMBER_OBJECT_CONVERSION = YES_AGGRESSIVE;
				CLANG_CXX_LANGUAGE_STANDARD = "gnu++20";
				CLANG_ENABLE_MODULES = YES;
				CLANG_ENABLE_OBJC_ARC = YES;
				CLANG_ENABLE_OBJC_WEAK = YES;
				CLANG_WARN_BLOCK_CAPTURE_AUTORELEASING = YES;
				CLANG_WARN_BOOL_CONVERSION = YES;
				CLANG_WARN_COMMA = YES;
				CLANG_WARN_CONSTANT_CONVERSION = YES;
				CLANG_WARN_DEPRECATED_OBJC_IMPLEMENTATIONS = YES;
				CLANG_WARN_DIRECT_OBJC_ISA_USAGE = YES_ERROR;
				CLANG_WARN_DOCUMENTATION_COMMENTS = YES;
				CLANG_WARN_EMPTY_BODY = YES;
				CLANG_WARN_ENUM_CONVERSION = YES;
				CLANG_WARN_INFINITE_RECURSION = YES;
				CLANG_WARN_INT_CONVERSION = YES;
				CLANG_WARN_NON_LITERAL_NULL_CONVERSION = YES;
				CLANG_WARN_OBJC_IMPLICIT_RETAIN_SELF = YES;
				CLANG_WARN_OBJC_LITERAL_CONVERSION = YES;
				CLANG_WARN_OBJC_ROOT_CLASS = YES_ERROR;
				CLANG_WARN_QUOTED_INCLUDE_IN_FRAMEWORK_HEADER = YES;
				CLANG_WARN_RANGE_LOOP_ANALYSIS = YES;
				CLANG_WARN_STRICT_PROTOTYPES = YES;
				CLANG_WARN_SUSPICIOUS_MOVE = YES;
				CLANG_WARN_UNGUARDED_AVAILABILITY = YES_AGGRESSIVE;
				CLANG_WARN_UNREACHABLE_CODE = YES;
				CLANG_WARN__DUPLICATE_METHOD_MATCH = YES;
				COPY_PHASE_STRIP = NO;
				DEBUG_INFORMATION_FORMAT = "dwarf-with-dsym";
				ENABLE_NS_ASSERTIONS = NO;
				ENABLE_STRICT_OBJC_MSGSEND = YES;
				GCC_C_LANGUAGE_STANDARD = gnu11;
				GCC_NO_COMMON_BLOCKS = YES;
				GCC_WARN_64_TO_32_BIT_CONVERSION = YES;
				GCC_WARN_ABOUT_RETURN_TYPE = YES_ERROR;
				GCC_WARN_UNDECLARED_SELECTOR = YES;
				GCC_WARN_UNINITIALIZED_AUTOS = YES_AGGRESSIVE;
				GCC_WARN_UNUSED_FUNCTION = YES;
				GCC_WARN_UNUSED_VARIABLE = YES;
				IPHONEOS_DEPLOYMENT_TARGET = 16.4;
				MTL_ENABLE_DEBUG_INFO = NO;
				MTL_FAST_MATH = YES;
				SDKROOT = iphoneos;
				SWIFT_COMPILATION_MODE = wholemodule;
				SWIFT_OPTIMIZATION_LEVEL = "-O";
				VALIDATE_PRODUCT = YES;
			};
			name = Release;
		};
		7E3299E42A44B7850077868D /* Debug */ = {
			isa = XCBuildConfiguration;
			buildSettings = {
				ASSETCATALOG_COMPILER_APPICON_NAME = AppIcon;
				ASSETCATALOG_COMPILER_GLOBAL_ACCENT_COLOR_NAME = AccentColor;
				CODE_SIGN_STYLE = Automatic;
				CURRENT_PROJECT_VERSION = 1;
				DEVELOPMENT_ASSET_PATHS = "\"SwiftCombine_Users_ApiService/Preview Content\"";
				DEVELOPMENT_TEAM = A6297323L3;
				ENABLE_PREVIEWS = YES;
				GENERATE_INFOPLIST_FILE = YES;
				INFOPLIST_KEY_UIApplicationSceneManifest_Generation = YES;
				INFOPLIST_KEY_UIApplicationSupportsIndirectInputEvents = YES;
				INFOPLIST_KEY_UILaunchScreen_Generation = YES;
				INFOPLIST_KEY_UISupportedInterfaceOrientations_iPad = "UIInterfaceOrientationPortrait UIInterfaceOrientationPortraitUpsideDown UIInterfaceOrientationLandscapeLeft UIInterfaceOrientationLandscapeRight";
				INFOPLIST_KEY_UISupportedInterfaceOrientations_iPhone = "UIInterfaceOrientationPortrait UIInterfaceOrientationLandscapeLeft UIInterfaceOrientationLandscapeRight";
				LD_RUNPATH_SEARCH_PATHS = (
					"$(inherited)",
					"@executable_path/Frameworks",
				);
				MARKETING_VERSION = 1.0;
				PRODUCT_BUNDLE_IDENTIFIER = "ckrDev.SwiftCombine-Users-ApiService";
				PRODUCT_NAME = "$(TARGET_NAME)";
				SWIFT_EMIT_LOC_STRINGS = YES;
				SWIFT_VERSION = 5.0;
				TARGETED_DEVICE_FAMILY = "1,2";
			};
			name = Debug;
		};
		7E3299E52A44B7850077868D /* Release */ = {
			isa = XCBuildConfiguration;
			buildSettings = {
				ASSETCATALOG_COMPILER_APPICON_NAME = AppIcon;
				ASSETCATALOG_COMPILER_GLOBAL_ACCENT_COLOR_NAME = AccentColor;
				CODE_SIGN_STYLE = Automatic;
				CURRENT_PROJECT_VERSION = 1;
				DEVELOPMENT_ASSET_PATHS = "\"SwiftCombine_Users_ApiService/Preview Content\"";
				DEVELOPMENT_TEAM = A6297323L3;
				ENABLE_PREVIEWS = YES;
				GENERATE_INFOPLIST_FILE = YES;
				INFOPLIST_KEY_UIApplicationSceneManifest_Generation = YES;
				INFOPLIST_KEY_UIApplicationSupportsIndirectInputEvents = YES;
				INFOPLIST_KEY_UILaunchScreen_Generation = YES;
				INFOPLIST_KEY_UISupportedInterfaceOrientations_iPad = "UIInterfaceOrientationPortrait UIInterfaceOrientationPortraitUpsideDown UIInterfaceOrientationLandscapeLeft UIInterfaceOrientationLandscapeRight";
				INFOPLIST_KEY_UISupportedInterfaceOrientations_iPhone = "UIInterfaceOrientationPortrait UIInterfaceOrientationLandscapeLeft UIInterfaceOrientationLandscapeRight";
				LD_RUNPATH_SEARCH_PATHS = (
					"$(inherited)",
					"@executable_path/Frameworks",
				);
				MARKETING_VERSION = 1.0;
				PRODUCT_BUNDLE_IDENTIFIER = "ckrDev.SwiftCombine-Users-ApiService";
				PRODUCT_NAME = "$(TARGET_NAME)";
				SWIFT_EMIT_LOC_STRINGS = YES;
				SWIFT_VERSION = 5.0;
				TARGETED_DEVICE_FAMILY = "1,2";
			};
			name = Release;
		};
/* End XCBuildConfiguration section */

/* Begin XCConfigurationList section */
		7E3299D02A44B7850077868D /* Build configuration list for PBXProject "SwiftCombine_Users_ApiService" */ = {
			isa = XCConfigurationList;
			buildConfigurations = (
				7E3299E12A44B7850077868D /* Debug */,
				7E3299E22A44B7850077868D /* Release */,
			);
			defaultConfigurationIsVisible = 0;
			defaultConfigurationName = Release;
		};
		7E3299E32A44B7850077868D /* Build configuration list for PBXNativeTarget "SwiftCombine_Users_ApiService" */ = {
			isa = XCConfigurationList;
			buildConfigurations = (
				7E3299E42A44B7850077868D /* Debug */,
				7E3299E52A44B7850077868D /* Release */,
			);
			defaultConfigurationIsVisible = 0;
			defaultConfigurationName = Release;
		};
/* End XCConfigurationList section */
	};
	rootObject = 7E3299CD2A44B7850077868D /* Project object */;
}
